// !$*UTF8*$!
{
	archiveVersion = 1;
	classes = {
	};
	objectVersion = 50;
	objects = {

/* Begin PBXBuildFile section */
		0F7E218320E25A47008C1F4D /* AppDelegate.swift in Sources */ = {isa = PBXBuildFile; fileRef = 0F7E218220E25A47008C1F4D /* AppDelegate.swift */; };
		0F7E218520E25A47008C1F4D /* ViewController.swift in Sources */ = {isa = PBXBuildFile; fileRef = 0F7E218420E25A47008C1F4D /* ViewController.swift */; };
		0F7E218820E25A47008C1F4D /* Main.storyboard in Resources */ = {isa = PBXBuildFile; fileRef = 0F7E218620E25A47008C1F4D /* Main.storyboard */; };
		0F7E218A20E25A49008C1F4D /* Assets.xcassets in Resources */ = {isa = PBXBuildFile; fileRef = 0F7E218920E25A49008C1F4D /* Assets.xcassets */; };
		0F7E218D20E25A49008C1F4D /* LaunchScreen.storyboard in Resources */ = {isa = PBXBuildFile; fileRef = 0F7E218B20E25A49008C1F4D /* LaunchScreen.storyboard */; };
		0F7E219820E25A4A008C1F4D /* projectTests.swift in Sources */ = {isa = PBXBuildFile; fileRef = 0F7E219720E25A4A008C1F4D /* projectTests.swift */; };
		0F7E21A320E25A4A008C1F4D /* projectUITests.swift in Sources */ = {isa = PBXBuildFile; fileRef = 0F7E21A220E25A4A008C1F4D /* projectUITests.swift */; };
/* End PBXBuildFile section */

/* Begin PBXContainerItemProxy section */
		0F7E219420E25A4A008C1F4D /* PBXContainerItemProxy */ = {
			isa = PBXContainerItemProxy;
			containerPortal = 0F7E217720E25A47008C1F4D /* Project object */;
			proxyType = 1;
			remoteGlobalIDString = 0F7E217E20E25A47008C1F4D;
			remoteInfo = project;
		};
		0F7E219F20E25A4A008C1F4D /* PBXContainerItemProxy */ = {
			isa = PBXContainerItemProxy;
			containerPortal = 0F7E217720E25A47008C1F4D /* Project object */;
			proxyType = 1;
			remoteGlobalIDString = 0F7E217E20E25A47008C1F4D;
			remoteInfo = project;
		};
/* End PBXContainerItemProxy section */

/* Begin PBXFileReference section */
		0F7E217F20E25A47008C1F4D /* project.app */ = {isa = PBXFileReference; explicitFileType = wrapper.application; includeInIndex = 0; path = project.app; sourceTree = BUILT_PRODUCTS_DIR; };
		0F7E218220E25A47008C1F4D /* AppDelegate.swift */ = {isa = PBXFileReference; lastKnownFileType = sourcecode.swift; path = AppDelegate.swift; sourceTree = "<group>"; };
		0F7E218420E25A47008C1F4D /* ViewController.swift */ = {isa = PBXFileReference; lastKnownFileType = sourcecode.swift; path = ViewController.swift; sourceTree = "<group>"; };
		0F7E218720E25A47008C1F4D /* Base */ = {isa = PBXFileReference; lastKnownFileType = file.storyboard; name = Base; path = Base.lproj/Main.storyboard; sourceTree = "<group>"; };
		0F7E218920E25A49008C1F4D /* Assets.xcassets */ = {isa = PBXFileReference; lastKnownFileType = folder.assetcatalog; path = Assets.xcassets; sourceTree = "<group>"; };
		0F7E218C20E25A49008C1F4D /* Base */ = {isa = PBXFileReference; lastKnownFileType = file.storyboard; name = Base; path = Base.lproj/LaunchScreen.storyboard; sourceTree = "<group>"; };
		0F7E218E20E25A49008C1F4D /* Info.plist */ = {isa = PBXFileReference; lastKnownFileType = text.plist.xml; path = Info.plist; sourceTree = "<group>"; };
		0F7E219320E25A4A008C1F4D /* projectTests.xctest */ = {isa = PBXFileReference; explicitFileType = wrapper.cfbundle; includeInIndex = 0; path = projectTests.xctest; sourceTree = BUILT_PRODUCTS_DIR; };
		0F7E219720E25A4A008C1F4D /* projectTests.swift */ = {isa = PBXFileReference; lastKnownFileType = sourcecode.swift; path = projectTests.swift; sourceTree = "<group>"; };
		0F7E219920E25A4A008C1F4D /* Info.plist */ = {isa = PBXFileReference; lastKnownFileType = text.plist.xml; path = Info.plist; sourceTree = "<group>"; };
		0F7E219E20E25A4A008C1F4D /* projectUITests.xctest */ = {isa = PBXFileReference; explicitFileType = wrapper.cfbundle; includeInIndex = 0; path = projectUITests.xctest; sourceTree = BUILT_PRODUCTS_DIR; };
		0F7E21A220E25A4A008C1F4D /* projectUITests.swift */ = {isa = PBXFileReference; lastKnownFileType = sourcecode.swift; path = projectUITests.swift; sourceTree = "<group>"; };
		0F7E21A420E25A4A008C1F4D /* Info.plist */ = {isa = PBXFileReference; lastKnownFileType = text.plist.xml; path = Info.plist; sourceTree = "<group>"; };
/* End PBXFileReference section */

/* Begin PBXFrameworksBuildPhase section */
		0F7E217C20E25A47008C1F4D /* Frameworks */ = {
			isa = PBXFrameworksBuildPhase;
			buildActionMask = 2147483647;
			files = (
			);
			runOnlyForDeploymentPostprocessing = 0;
		};
		0F7E219020E25A4A008C1F4D /* Frameworks */ = {
			isa = PBXFrameworksBuildPhase;
			buildActionMask = 2147483647;
			files = (
			);
			runOnlyForDeploymentPostprocessing = 0;
		};
		0F7E219B20E25A4A008C1F4D /* Frameworks */ = {
			isa = PBXFrameworksBuildPhase;
			buildActionMask = 2147483647;
			files = (
			);
			runOnlyForDeploymentPostprocessing = 0;
		};
/* End PBXFrameworksBuildPhase section */

/* Begin PBXGroup section */
		0F7E217620E25A47008C1F4D = {
			isa = PBXGroup;
			children = (
				0F7E218120E25A47008C1F4D /* project */,
				0F7E219620E25A4A008C1F4D /* projectTests */,
				0F7E21A120E25A4A008C1F4D /* projectUITests */,
				0F7E218020E25A47008C1F4D /* Products */,
			);
			sourceTree = "<group>";
		};
		0F7E218020E25A47008C1F4D /* Products */ = {
			isa = PBXGroup;
			children = (
				0F7E217F20E25A47008C1F4D /* project.app */,
				0F7E219320E25A4A008C1F4D /* projectTests.xctest */,
				0F7E219E20E25A4A008C1F4D /* projectUITests.xctest */,
			);
			name = Products;
			sourceTree = "<group>";
		};
		0F7E218120E25A47008C1F4D /* project */ = {
			isa = PBXGroup;
			children = (
				0F7E218220E25A47008C1F4D /* AppDelegate.swift */,
				0F7E218420E25A47008C1F4D /* ViewController.swift */,
				0F7E218620E25A47008C1F4D /* Main.storyboard */,
				0F7E218920E25A49008C1F4D /* Assets.xcassets */,
				0F7E218B20E25A49008C1F4D /* LaunchScreen.storyboard */,
				0F7E218E20E25A49008C1F4D /* Info.plist */,
			);
			path = project;
			sourceTree = "<group>";
		};
		0F7E219620E25A4A008C1F4D /* projectTests */ = {
			isa = PBXGroup;
			children = (
				0F7E219720E25A4A008C1F4D /* projectTests.swift */,
				0F7E219920E25A4A008C1F4D /* Info.plist */,
			);
			path = projectTests;
			sourceTree = "<group>";
		};
		0F7E21A120E25A4A008C1F4D /* projectUITests */ = {
			isa = PBXGroup;
			children = (
				0F7E21A220E25A4A008C1F4D /* projectUITests.swift */,
				0F7E21A420E25A4A008C1F4D /* Info.plist */,
			);
			path = projectUITests;
			sourceTree = "<group>";
		};
/* End PBXGroup section */

/* Begin PBXNativeTarget section */
		0F7E217E20E25A47008C1F4D /* project */ = {
			isa = PBXNativeTarget;
			buildConfigurationList = 0F7E21A720E25A4A008C1F4D /* Build configuration list for PBXNativeTarget "project" */;
			buildPhases = (
				0F7E217B20E25A47008C1F4D /* Sources */,
				0F7E217C20E25A47008C1F4D /* Frameworks */,
				0F7E217D20E25A47008C1F4D /* Resources */,
			);
			buildRules = (
			);
			dependencies = (
			);
			name = project;
			productName = project;
			productReference = 0F7E217F20E25A47008C1F4D /* project.app */;
			productType = "com.apple.product-type.application";
		};
		0F7E219220E25A4A008C1F4D /* projectTests */ = {
			isa = PBXNativeTarget;
			buildConfigurationList = 0F7E21AA20E25A4A008C1F4D /* Build configuration list for PBXNativeTarget "projectTests" */;
			buildPhases = (
				0F7E218F20E25A4A008C1F4D /* Sources */,
				0F7E219020E25A4A008C1F4D /* Frameworks */,
				0F7E219120E25A4A008C1F4D /* Resources */,
			);
			buildRules = (
			);
			dependencies = (
				0F7E219520E25A4A008C1F4D /* PBXTargetDependency */,
			);
			name = projectTests;
			productName = projectTests;
			productReference = 0F7E219320E25A4A008C1F4D /* projectTests.xctest */;
			productType = "com.apple.product-type.bundle.unit-test";
		};
		0F7E219D20E25A4A008C1F4D /* projectUITests */ = {
			isa = PBXNativeTarget;
			buildConfigurationList = 0F7E21AD20E25A4A008C1F4D /* Build configuration list for PBXNativeTarget "projectUITests" */;
			buildPhases = (
				0F7E219A20E25A4A008C1F4D /* Sources */,
				0F7E219B20E25A4A008C1F4D /* Frameworks */,
				0F7E219C20E25A4A008C1F4D /* Resources */,
			);
			buildRules = (
			);
			dependencies = (
				0F7E21A020E25A4A008C1F4D /* PBXTargetDependency */,
			);
			name = projectUITests;
			productName = projectUITests;
			productReference = 0F7E219E20E25A4A008C1F4D /* projectUITests.xctest */;
			productType = "com.apple.product-type.bundle.ui-testing";
		};
/* End PBXNativeTarget section */

/* Begin PBXProject section */
		0F7E217720E25A47008C1F4D /* Project object */ = {
			isa = PBXProject;
			attributes = {
				LastSwiftUpdateCheck = 1000;
				LastUpgradeCheck = 1000;
				ORGANIZATIONNAME = Lab;
				TargetAttributes = {
					0F7E217E20E25A47008C1F4D = {
						CreatedOnToolsVersion = 10.0;
					};
					0F7E219220E25A4A008C1F4D = {
						CreatedOnToolsVersion = 10.0;
						TestTargetID = 0F7E217E20E25A47008C1F4D;
					};
					0F7E219D20E25A4A008C1F4D = {
						CreatedOnToolsVersion = 10.0;
						TestTargetID = 0F7E217E20E25A47008C1F4D;
					};
				};
			};
			buildConfigurationList = 0F7E217A20E25A47008C1F4D /* Build configuration list for PBXProject "project" */;
			compatibilityVersion = "Xcode 9.3";
			developmentRegion = en;
			hasScannedForEncodings = 0;
			knownRegions = (
				en,
				Base,
			);
			mainGroup = 0F7E217620E25A47008C1F4D;
			productRefGroup = 0F7E218020E25A47008C1F4D /* Products */;
			projectDirPath = "";
			projectRoot = "";
			targets = (
				0F7E217E20E25A47008C1F4D /* project */,
				0F7E219220E25A4A008C1F4D /* projectTests */,
				0F7E219D20E25A4A008C1F4D /* projectUITests */,
			);
		};
/* End PBXProject section */

/* Begin PBXResourcesBuildPhase section */
		0F7E217D20E25A47008C1F4D /* Resources */ = {
			isa = PBXResourcesBuildPhase;
			buildActionMask = 2147483647;
			files = (
				0F7E218D20E25A49008C1F4D /* LaunchScreen.storyboard in Resources */,
				0F7E218A20E25A49008C1F4D /* Assets.xcassets in Resources */,
				0F7E218820E25A47008C1F4D /* Main.storyboard in Resources */,
			);
			runOnlyForDeploymentPostprocessing = 0;
		};
		0F7E219120E25A4A008C1F4D /* Resources */ = {
			isa = PBXResourcesBuildPhase;
			buildActionMask = 2147483647;
			files = (
			);
			runOnlyForDeploymentPostprocessing = 0;
		};
		0F7E219C20E25A4A008C1F4D /* Resources */ = {
			isa = PBXResourcesBuildPhase;
			buildActionMask = 2147483647;
			files = (
			);
			runOnlyForDeploymentPostprocessing = 0;
		};
/* End PBXResourcesBuildPhase section */

/* Begin PBXSourcesBuildPhase section */
		0F7E217B20E25A47008C1F4D /* Sources */ = {
			isa = PBXSourcesBuildPhase;
			buildActionMask = 2147483647;
			files = (
				0F7E218520E25A47008C1F4D /* ViewController.swift in Sources */,
				0F7E218320E25A47008C1F4D /* AppDelegate.swift in Sources */,
			);
			runOnlyForDeploymentPostprocessing = 0;
		};
		0F7E218F20E25A4A008C1F4D /* Sources */ = {
			isa = PBXSourcesBuildPhase;
			buildActionMask = 2147483647;
			files = (
				0F7E219820E25A4A008C1F4D /* projectTests.swift in Sources */,
			);
			runOnlyForDeploymentPostprocessing = 0;
		};
		0F7E219A20E25A4A008C1F4D /* Sources */ = {
			isa = PBXSourcesBuildPhase;
			buildActionMask = 2147483647;
			files = (
				0F7E21A320E25A4A008C1F4D /* projectUITests.swift in Sources */,
			);
			runOnlyForDeploymentPostprocessing = 0;
		};
/* End PBXSourcesBuildPhase section */

/* Begin PBXTargetDependency section */
		0F7E219520E25A4A008C1F4D /* PBXTargetDependency */ = {
			isa = PBXTargetDependency;
			target = 0F7E217E20E25A47008C1F4D /* project */;
			targetProxy = 0F7E219420E25A4A008C1F4D /* PBXContainerItemProxy */;
		};
		0F7E21A020E25A4A008C1F4D /* PBXTargetDependency */ = {
			isa = PBXTargetDependency;
			target = 0F7E217E20E25A47008C1F4D /* project */;
			targetProxy = 0F7E219F20E25A4A008C1F4D /* PBXContainerItemProxy */;
		};
/* End PBXTargetDependency section */

/* Begin PBXVariantGroup section */
		0F7E218620E25A47008C1F4D /* Main.storyboard */ = {
			isa = PBXVariantGroup;
			children = (
				0F7E218720E25A47008C1F4D /* Base */,
			);
			name = Main.storyboard;
			sourceTree = "<group>";
		};
		0F7E218B20E25A49008C1F4D /* LaunchScreen.storyboard */ = {
			isa = PBXVariantGroup;
			children = (
				0F7E218C20E25A49008C1F4D /* Base */,
			);
			name = LaunchScreen.storyboard;
			sourceTree = "<group>";
		};
/* End PBXVariantGroup section */

/* Begin XCBuildConfiguration section */
		0F7E21A520E25A4A008C1F4D /* Debug */ = {
			isa = XCBuildConfiguration;
			buildSettings = {
				ALWAYS_SEARCH_USER_PATHS = NO;
				CLANG_ANALYZER_NONNULL = YES;
				CLANG_ANALYZER_NUMBER_OBJECT_CONVERSION = YES_AGGRESSIVE;
				CLANG_CXX_LANGUAGE_STANDARD = "gnu++14";
				CLANG_CXX_LIBRARY = "libc++";
				CLANG_ENABLE_MODULES = YES;
				CLANG_ENABLE_OBJC_ARC = YES;
				CLANG_ENABLE_OBJC_WEAK = YES;
				CLANG_WARN_BLOCK_CAPTURE_AUTORELEASING = YES;
				CLANG_WARN_BOOL_CONVERSION = YES;
				CLANG_WARN_COMMA = YES;
				CLANG_WARN_CONSTANT_CONVERSION = YES;
				CLANG_WARN_DEPRECATED_OBJC_IMPLEMENTATIONS = YES;
				CLANG_WARN_DIRECT_OBJC_ISA_USAGE = YES_ERROR;
				CLANG_WARN_DOCUMENTATION_COMMENTS = YES;
				CLANG_WARN_EMPTY_BODY = YES;
				CLANG_WARN_ENUM_CONVERSION = YES;
				CLANG_WARN_INFINITE_RECURSION = YES;
				CLANG_WARN_INT_CONVERSION = YES;
				CLANG_WARN_NON_LITERAL_NULL_CONVERSION = YES;
				CLANG_WARN_OBJC_IMPLICIT_RETAIN_SELF = YES;
				CLANG_WARN_OBJC_LITERAL_CONVERSION = YES;
				CLANG_WARN_OBJC_ROOT_CLASS = YES_ERROR;
				CLANG_WARN_RANGE_LOOP_ANALYSIS = YES;
				CLANG_WARN_STRICT_PROTOTYPES = YES;
				CLANG_WARN_SUSPICIOUS_MOVE = YES;
				CLANG_WARN_UNGUARDED_AVAILABILITY = YES_AGGRESSIVE;
				CLANG_WARN_UNREACHABLE_CODE = YES;
				CLANG_WARN__DUPLICATE_METHOD_MATCH = YES;
				CODE_SIGN_IDENTITY = "iPhone Developer";
				COPY_PHASE_STRIP = NO;
				DEBUG_INFORMATION_FORMAT = dwarf;
				ENABLE_STRICT_OBJC_MSGSEND = YES;
				ENABLE_TESTABILITY = YES;
				GCC_C_LANGUAGE_STANDARD = gnu11;
				GCC_DYNAMIC_NO_PIC = NO;
				GCC_NO_COMMON_BLOCKS = YES;
				GCC_OPTIMIZATION_LEVEL = 0;
				GCC_PREPROCESSOR_DEFINITIONS = (
					"DEBUG=1",
					"$(inherited)",
				);
				GCC_WARN_64_TO_32_BIT_CONVERSION = YES;
				GCC_WARN_ABOUT_RETURN_TYPE = YES_ERROR;
				GCC_WARN_UNDECLARED_SELECTOR = YES;
				GCC_WARN_UNINITIALIZED_AUTOS = YES_AGGRESSIVE;
				GCC_WARN_UNUSED_FUNCTION = YES;
				GCC_WARN_UNUSED_VARIABLE = YES;
				IPHONEOS_DEPLOYMENT_TARGET = 12.0;
				MTL_ENABLE_DEBUG_INFO = INCLUDE_SOURCE;
				ONLY_ACTIVE_ARCH = YES;
				SDKROOT = iphoneos;
				SWIFT_ACTIVE_COMPILATION_CONDITIONS = DEBUG;
				SWIFT_OPTIMIZATION_LEVEL = "-Onone";
			};
			name = Debug;
		};
		0F7E21A620E25A4A008C1F4D /* Release */ = {
			isa = XCBuildConfiguration;
			buildSettings = {
				ALWAYS_SEARCH_USER_PATHS = NO;
				CLANG_ANALYZER_NONNULL = YES;
				CLANG_ANALYZER_NUMBER_OBJECT_CONVERSION = YES_AGGRESSIVE;
				CLANG_CXX_LANGUAGE_STANDARD = "gnu++14";
				CLANG_CXX_LIBRARY = "libc++";
				CLANG_ENABLE_MODULES = YES;
				CLANG_ENABLE_OBJC_ARC = YES;
				CLANG_ENABLE_OBJC_WEAK = YES;
				CLANG_WARN_BLOCK_CAPTURE_AUTORELEASING = YES;
				CLANG_WARN_BOOL_CONVERSION = YES;
				CLANG_WARN_COMMA = YES;
				CLANG_WARN_CONSTANT_CONVERSION = YES;
				CLANG_WARN_DEPRECATED_OBJC_IMPLEMENTATIONS = YES;
				CLANG_WARN_DIRECT_OBJC_ISA_USAGE = YES_ERROR;
				CLANG_WARN_DOCUMENTATION_COMMENTS = YES;
				CLANG_WARN_EMPTY_BODY = YES;
				CLANG_WARN_ENUM_CONVERSION = YES;
				CLANG_WARN_INFINITE_RECURSION = YES;
				CLANG_WARN_INT_CONVERSION = YES;
				CLANG_WARN_NON_LITERAL_NULL_CONVERSION = YES;
				CLANG_WARN_OBJC_IMPLICIT_RETAIN_SELF = YES;
				CLANG_WARN_OBJC_LITERAL_CONVERSION = YES;
				CLANG_WARN_OBJC_ROOT_CLASS = YES_ERROR;
				CLANG_WARN_RANGE_LOOP_ANALYSIS = YES;
				CLANG_WARN_STRICT_PROTOTYPES = YES;
				CLANG_WARN_SUSPICIOUS_MOVE = YES;
				CLANG_WARN_UNGUARDED_AVAILABILITY = YES_AGGRESSIVE;
				CLANG_WARN_UNREACHABLE_CODE = YES;
				CLANG_WARN__DUPLICATE_METHOD_MATCH = YES;
				CODE_SIGN_IDENTITY = "iPhone Developer";
				COPY_PHASE_STRIP = NO;
				DEBUG_INFORMATION_FORMAT = "dwarf-with-dsym";
				ENABLE_NS_ASSERTIONS = NO;
				ENABLE_STRICT_OBJC_MSGSEND = YES;
				GCC_C_LANGUAGE_STANDARD = gnu11;
				GCC_NO_COMMON_BLOCKS = YES;
				GCC_WARN_64_TO_32_BIT_CONVERSION = YES;
				GCC_WARN_ABOUT_RETURN_TYPE = YES_ERROR;
				GCC_WARN_UNDECLARED_SELECTOR = YES;
				GCC_WARN_UNINITIALIZED_AUTOS = YES_AGGRESSIVE;
				GCC_WARN_UNUSED_FUNCTION = YES;
				GCC_WARN_UNUSED_VARIABLE = YES;
				IPHONEOS_DEPLOYMENT_TARGET = 12.0;
				MTL_ENABLE_DEBUG_INFO = NO;
				SDKROOT = iphoneos;
				SWIFT_COMPILATION_MODE = wholemodule;
				SWIFT_OPTIMIZATION_LEVEL = "-O";
				VALIDATE_PRODUCT = YES;
			};
			name = Release;
		};
		0F7E21A820E25A4A008C1F4D /* Debug */ = {
			isa = XCBuildConfiguration;
			buildSettings = {
				ASSETCATALOG_COMPILER_APPICON_NAME = AppIcon;
				CODE_SIGN_STYLE = Automatic;
				INFOPLIST_FILE = project/Info.plist;
				LD_RUNPATH_SEARCH_PATHS = (
					"$(inherited)",
					"@executable_path/Frameworks",
				);
				PRODUCT_BUNDLE_IDENTIFIER = aurora.project;
				PRODUCT_NAME = "$(TARGET_NAME)";
				SWIFT_VERSION = 4.2;
				TARGETED_DEVICE_FAMILY = "1,2";
			};
			name = Debug;
		};
		0F7E21A920E25A4A008C1F4D /* Release */ = {
			isa = XCBuildConfiguration;
			buildSettings = {
				ASSETCATALOG_COMPILER_APPICON_NAME = AppIcon;
				CODE_SIGN_STYLE = Automatic;
				INFOPLIST_FILE = project/Info.plist;
				LD_RUNPATH_SEARCH_PATHS = (
					"$(inherited)",
					"@executable_path/Frameworks",
				);
				PRODUCT_BUNDLE_IDENTIFIER = aurora.project;
				PRODUCT_NAME = "$(TARGET_NAME)";
				SWIFT_VERSION = 4.2;
				TARGETED_DEVICE_FAMILY = "1,2";
			};
			name = Release;
		};
		0F7E21AB20E25A4A008C1F4D /* Debug */ = {
			isa = XCBuildConfiguration;
			buildSettings = {
				ALWAYS_EMBED_SWIFT_STANDARD_LIBRARIES = YES;
				BUNDLE_LOADER = "$(TEST_HOST)";
				CODE_SIGN_STYLE = Automatic;
				INFOPLIST_FILE = projectTests/Info.plist;
				LD_RUNPATH_SEARCH_PATHS = (
					"$(inherited)",
					"@executable_path/Frameworks",
					"@loader_path/Frameworks",
				);
				PRODUCT_BUNDLE_IDENTIFIER = aurora.projectTests;
				PRODUCT_NAME = "$(TARGET_NAME)";
				SWIFT_VERSION = 4.2;
				TARGETED_DEVICE_FAMILY = "1,2";
				TEST_HOST = "$(BUILT_PRODUCTS_DIR)/project.app/project";
			};
			name = Debug;
		};
		0F7E21AC20E25A4A008C1F4D /* Release */ = {
			isa = XCBuildConfiguration;
			buildSettings = {
				ALWAYS_EMBED_SWIFT_STANDARD_LIBRARIES = YES;
				BUNDLE_LOADER = "$(TEST_HOST)";
				CODE_SIGN_STYLE = Automatic;
				INFOPLIST_FILE = projectTests/Info.plist;
				LD_RUNPATH_SEARCH_PATHS = (
					"$(inherited)",
					"@executable_path/Frameworks",
					"@loader_path/Frameworks",
				);
				PRODUCT_BUNDLE_IDENTIFIER = aurora.projectTests;
				PRODUCT_NAME = "$(TARGET_NAME)";
				SWIFT_VERSION = 4.2;
				TARGETED_DEVICE_FAMILY = "1,2";
				TEST_HOST = "$(BUILT_PRODUCTS_DIR)/project.app/project";
			};
			name = Release;
		};
		0F7E21AE20E25A4A008C1F4D /* Debug */ = {
			isa = XCBuildConfiguration;
			buildSettings = {
				ALWAYS_EMBED_SWIFT_STANDARD_LIBRARIES = YES;
				CODE_SIGN_STYLE = Automatic;
				INFOPLIST_FILE = projectUITests/Info.plist;
				LD_RUNPATH_SEARCH_PATHS = (
					"$(inherited)",
					"@executable_path/Frameworks",
					"@loader_path/Frameworks",
				);
				PRODUCT_BUNDLE_IDENTIFIER = aurora.projectUITests;
				PRODUCT_NAME = "$(TARGET_NAME)";
				SWIFT_VERSION = 4.2;
				TARGETED_DEVICE_FAMILY = "1,2";
				TEST_TARGET_NAME = project;
			};
			name = Debug;
		};
		0F7E21AF20E25A4A008C1F4D /* Release */ = {
			isa = XCBuildConfiguration;
			buildSettings = {
				ALWAYS_EMBED_SWIFT_STANDARD_LIBRARIES = YES;
				CODE_SIGN_STYLE = Automatic;
				INFOPLIST_FILE = projectUITests/Info.plist;
				LD_RUNPATH_SEARCH_PATHS = (
					"$(inherited)",
					"@executable_path/Frameworks",
					"@loader_path/Frameworks",
				);
				PRODUCT_BUNDLE_IDENTIFIER = aurora.projectUITests;
				PRODUCT_NAME = "$(TARGET_NAME)";
				SWIFT_VERSION = 4.2;
				TARGETED_DEVICE_FAMILY = "1,2";
				TEST_TARGET_NAME = project;
			};
			name = Release;
		};
/* End XCBuildConfiguration section */

/* Begin XCConfigurationList section */
		0F7E217A20E25A47008C1F4D /* Build configuration list for PBXProject "project" */ = {
			isa = XCConfigurationList;
			buildConfigurations = (
				0F7E21A520E25A4A008C1F4D /* Debug */,
				0F7E21A620E25A4A008C1F4D /* Release */,
			);
			defaultConfigurationIsVisible = 0;
			defaultConfigurationName = Release;
		};
		0F7E21A720E25A4A008C1F4D /* Build configuration list for PBXNativeTarget "project" */ = {
			isa = XCConfigurationList;
			buildConfigurations = (
				0F7E21A820E25A4A008C1F4D /* Debug */,
				0F7E21A920E25A4A008C1F4D /* Release */,
			);
			defaultConfigurationIsVisible = 0;
			defaultConfigurationName = Release;
		};
		0F7E21AA20E25A4A008C1F4D /* Build configuration list for PBXNativeTarget "projectTests" */ = {
			isa = XCConfigurationList;
			buildConfigurations = (
				0F7E21AB20E25A4A008C1F4D /* Debug */,
				0F7E21AC20E25A4A008C1F4D /* Release */,
			);
			defaultConfigurationIsVisible = 0;
			defaultConfigurationName = Release;
		};
		0F7E21AD20E25A4A008C1F4D /* Build configuration list for PBXNativeTarget "projectUITests" */ = {
			isa = XCConfigurationList;
			buildConfigurations = (
				0F7E21AE20E25A4A008C1F4D /* Debug */,
				0F7E21AF20E25A4A008C1F4D /* Release */,
			);
			defaultConfigurationIsVisible = 0;
			defaultConfigurationName = Release;
		};
/* End XCConfigurationList section */
	};
	rootObject = 0F7E217720E25A47008C1F4D /* Project object */;
}
